
Microsoft Visual Studio Solution File, Format Version 12.00
Project("{FAE04EC0-301F-11D3-BF4B-00C04F79EFBC}") = "BlazorTarefas", "BlazorTarefas\BlazorTarefas.csproj", "{C26A4369-9320-413E-94E3-4EAE32A8A80C}"
EndProject
Global
	GlobalSection(SolutionConfigurationPlatforms) = preSolution
		Debug|Any CPU = Debug|Any CPU
		Release|Any CPU = Release|Any CPU
	EndGlobalSection
	GlobalSection(ProjectConfigurationPlatforms) = postSolution
		{C26A4369-9320-413E-94E3-4EAE32A8A80C}.Debug|Any CPU.ActiveCfg = Debug|Any CPU
		{C26A4369-9320-413E-94E3-4EAE32A8A80C}.Debug|Any CPU.Build.0 = Debug|Any CPU
		{C26A4369-9320-413E-94E3-4EAE32A8A80C}.Release|Any CPU.ActiveCfg = Release|Any CPU
		{C26A4369-9320-413E-94E3-4EAE32A8A80C}.Release|Any CPU.Build.0 = Release|Any CPU
	EndGlobalSection
EndGlobal
